<?xml version="1.0" encoding="utf-8"?>
<Project ToolsVersion="4.0" xmlns="http://schemas.microsoft.com/developer/msbuild/2003">
  <ItemGroup>
    <Filter Include="Source Files">
      <UniqueIdentifier>{4FC737F1-C7A5-4376-A066-2A32D752A2FF}</UniqueIdentifier>
      <Extensions>cpp;c;cc;cxx;def;odl;idl;hpj;bat;asm;asmx</Extensions>
    </Filter>
    <Filter Include="Header Files">
      <UniqueIdentifier>{93995380-89BD-4b04-88EB-625FBE52EBFB}</UniqueIdentifier>
      <Extensions>h;hh;hpp;hxx;hm;inl;inc;xsd</Extensions>
    </Filter>
    <Filter Include="Resource Files">
      <UniqueIdentifier>{67DA6AB6-F800-4c08-8B7A-83BB121AAD01}</UniqueIdentifier>
      <Extensions>rc;ico;cur;bmp;dlg;rc2;rct;bin;rgs;gif;jpg;jpeg;jpe;resx;tiff;tif;png;wav;mfcribbon-ms</Extensions>
    </Filter>
    <Filter Include="kociemba">
      <UniqueIdentifier>{8f708f61-b8d0-4945-b621-66f36c08886b}</UniqueIdentifier>
    </Filter>
    <Filter Include="kociemba\cache">
      <UniqueIdentifier>{05d4a5c6-32bf-481f-90bc-a31e3af7284c}</UniqueIdentifier>
    </Filter>
  </ItemGroup>
  <ItemGroup>
    <ClCompile Include="kociemba\cache_arrays.cpp">
      <Filter>kociemba</Filter>
    </ClCompile>
    <ClCompile Include="kociemba\coordcube.cpp">
      <Filter>kociemba</Filter>
    </ClCompile>
    <ClCompile Include="kociemba\cubiecube.cpp">
      <Filter>kociemba</Filter>
    </ClCompile>
    <ClCompile Include="kociemba\facecube.cpp">
      <Filter>kociemba</Filter>
    </ClCompile>
    <ClCompile Include="kociemba\search.cpp">
      <Filter>kociemba</Filter>
    </ClCompile>
  </ItemGroup>
  <ItemGroup>
    <ClInclude Include="__vm\.teensyKociemba.vsarduino.h">
      <Filter>Header Files</Filter>
    </ClInclude>
    <ClInclude Include="kociemba\cache_arrays.h">
      <Filter>kociemba</Filter>
    </ClInclude>
    <ClInclude Include="kociemba\color.h">
      <Filter>kociemba</Filter>
    </ClInclude>
    <ClInclude Include="kociemba\coordcube.h">
      <Filter>kociemba</Filter>
    </ClInclude>
    <ClInclude Include="kociemba\corner.h">
      <Filter>kociemba</Filter>
    </ClInclude>
    <ClInclude Include="kociemba\cubiecube.h">
      <Filter>kociemba</Filter>
    </ClInclude>
    <ClInclude Include="kociemba\edge.h">
      <Filter>kociemba</Filter>
    </ClInclude>
    <ClInclude Include="kociemba\facecube.h">
      <Filter>kociemba</Filter>
    </ClInclude>
    <ClInclude Include="kociemba\facelet.h">
      <Filter>kociemba</Filter>
    </ClInclude>
    <ClInclude Include="kociemba\remove_arduino_define.h">
      <Filter>kociemba</Filter>
    </ClInclude>
    <ClInclude Include="kociemba\cache\flipMove.h">
      <Filter>kociemba\cache</Filter>
    </ClInclude>
    <ClInclude Include="kociemba\cache\FRtoBR_Move.h">
      <Filter>kociemba\cache</Filter>
    </ClInclude>
    <ClInclude Include="kociemba\cache\MergeURtoULandUBtoDF.h">
      <Filter>kociemba\cache</Filter>
    </ClInclude>
    <ClInclude Include="kociemba\cache\Slice_Flip_Prun.h">
      <Filter>kociemba\cache</Filter>
    </ClInclude>
    <ClInclude Include="kociemba\cache\Slice_Twist_Prun.h">
      <Filter>kociemba\cache</Filter>
    </ClInclude>
    <ClInclude Include="kociemba\cache\Slice_URFtoDLF_Parity_Prun.h">
      <Filter>kociemba\cache</Filter>
    </ClInclude>
    <ClInclude Include="kociemba\cache\Slice_URtoDF_Parity_Prun.h">
      <Filter>kociemba\cache</Filter>
    </ClInclude>
    <ClInclude Include="kociemba\cache\twistMove.h">
      <Filter>kociemba\cache</Filter>
    </ClInclude>
    <ClInclude Include="kociemba\cache\UBtoDF_Move.h">
      <Filter>kociemba\cache</Filter>
    </ClInclude>
    <ClInclude Include="kociemba\cache\URFtoDLF_Move.h">
      <Filter>kociemba\cache</Filter>
    </ClInclude>
    <ClInclude Include="kociemba\cache\URtoDF_Move.h">
      <Filter>kociemba\cache</Filter>
    </ClInclude>
    <ClInclude Include="kociemba\cache\FRtoBR_Move24.h">
      <Filter>kociemba\cache</Filter>
    </ClInclude>
    <ClInclude Include="kociemba\kociemba.h">
      <Filter>kociemba</Filter>
    </ClInclude>
  </ItemGroup>
  <ItemGroup>
    <None Include="teensyKociemba.ino" />
  </ItemGroup>
</Project>